
Microsoft Visual Studio Solution File, Format Version 12.00
# Visual Studio 15
VisualStudioVersion = 15.0.28307.489
MinimumVisualStudioVersion = 10.0.40219.1
Project("{FAE04EC0-301F-11D3-BF4B-00C04F79EFBC}") = "UmbracoV7", "UmbracoV7\UmbracoV7.csproj", "{26D78103-E86D-4EA6-8281-C8A20AF9E3CB}"
EndProject
Global
	GlobalSection(SolutionConfigurationPlatforms) = preSolution
		Debug|Any CPU = Debug|Any CPU
		Release|Any CPU = Release|Any CPU
	EndGlobalSection
	GlobalSection(ProjectConfigurationPlatforms) = postSolution
		{26D78103-E86D-4EA6-8281-C8A20AF9E3CB}.Debug|Any CPU.ActiveCfg = Debug|Any CPU
		{26D78103-E86D-4EA6-8281-C8A20AF9E3CB}.Debug|Any CPU.Build.0 = Debug|Any CPU
		{26D78103-E86D-4EA6-8281-C8A20AF9E3CB}.Release|Any CPU.ActiveCfg = Release|Any CPU
		{26D78103-E86D-4EA6-8281-C8A20AF9E3CB}.Release|Any CPU.Build.0 = Release|Any CPU
	EndGlobalSection
	GlobalSection(SolutionProperties) = preSolution
		HideSolutionNode = FALSE
	EndGlobalSection
	GlobalSection(ExtensibilityGlobals) = postSolution
		SolutionGuid = {300BC8C0-CA50-40DC-B735-3FEF90085318}
	EndGlobalSection
EndGlobal
